
Microsoft Visual Studio Solution File, Format Version 12.00
# Visual Studio Version 17
VisualStudioVersion = 17.9.34622.214
MinimumVisualStudioVersion = 10.0.40219.1
Project("{FAE04EC0-301F-11D3-BF4B-00C04F79EFBC}") = "General.Apt.App", "General.Apt.App.csproj", "{917FB144-9BF3-4CB9-B2A7-FE9C264206F8}"
EndProject
Global
	GlobalSection(SolutionConfigurationPlatforms) = preSolution
		Debug|Any CPU = Debug|Any CPU
		Release|Any CPU = Release|Any CPU
	EndGlobalSection
	GlobalSection(ProjectConfigurationPlatforms) = postSolution
		{917FB144-9BF3-4CB9-B2A7-FE9C264206F8}.Debug|Any CPU.ActiveCfg = Debug|Any CPU
		{917FB144-9BF3-4CB9-B2A7-FE9C264206F8}.Debug|Any CPU.Build.0 = Debug|Any CPU
		{917FB144-9BF3-4CB9-B2A7-FE9C264206F8}.Release|Any CPU.ActiveCfg = Release|Any CPU
		{917FB144-9BF3-4CB9-B2A7-FE9C264206F8}.Release|Any CPU.Build.0 = Release|Any CPU
	EndGlobalSection
	GlobalSection(SolutionProperties) = preSolution
		HideSolutionNode = FALSE
	EndGlobalSection
	GlobalSection(ExtensibilityGlobals) = postSolution
		SolutionGuid = {AF502FE0-11BD-4AB6-A96B-B8816F1261E6}
	EndGlobalSection
EndGlobal
